
Microsoft Visual Studio Solution File, Format Version 11.00
# Visual Studio 2010
Project("{F184B08F-C81C-45F6-A57F-5ABD9991F28F}") = "NoirVisorLoader", "NoirVisorLoader\NoirVisorLoader.vbproj", "{B0797D6E-61C7-4E87-8A32-2F9F49F8CB76}"
EndProject
Project("{8BC9CEB8-8B4A-11D0-8D11-00A0C91BC942}") = "nvloader", "nvloader\nvloader.vcxproj", "{62C0EA6D-ED84-4BA3-990C-36ED49579495}"
EndProject
Global
	GlobalSection(SolutionConfigurationPlatforms) = preSolution
		Debug|x64 = Debug|x64
		Debug|x86 = Debug|x86
		Release|x64 = Release|x64
		Release|x86 = Release|x86
	EndGlobalSection
	GlobalSection(ProjectConfigurationPlatforms) = postSolution
		{B0797D6E-61C7-4E87-8A32-2F9F49F8CB76}.Debug|x64.ActiveCfg = Debug|x64
		{B0797D6E-61C7-4E87-8A32-2F9F49F8CB76}.Debug|x64.Build.0 = Debug|x64
		{B0797D6E-61C7-4E87-8A32-2F9F49F8CB76}.Debug|x86.ActiveCfg = Debug|x86
		{B0797D6E-61C7-4E87-8A32-2F9F49F8CB76}.Debug|x86.Build.0 = Debug|x86
		{B0797D6E-61C7-4E87-8A32-2F9F49F8CB76}.Release|x64.ActiveCfg = Release|x64
		{B0797D6E-61C7-4E87-8A32-2F9F49F8CB76}.Release|x64.Build.0 = Release|x64
		{B0797D6E-61C7-4E87-8A32-2F9F49F8CB76}.Release|x86.ActiveCfg = Release|x86
		{B0797D6E-61C7-4E87-8A32-2F9F49F8CB76}.Release|x86.Build.0 = Release|x86
		{62C0EA6D-ED84-4BA3-990C-36ED49579495}.Debug|x64.ActiveCfg = Debug|x64
		{62C0EA6D-ED84-4BA3-990C-36ED49579495}.Debug|x64.Build.0 = Debug|x64
		{62C0EA6D-ED84-4BA3-990C-36ED49579495}.Debug|x86.ActiveCfg = Debug|Win32
		{62C0EA6D-ED84-4BA3-990C-36ED49579495}.Debug|x86.Build.0 = Debug|Win32
		{62C0EA6D-ED84-4BA3-990C-36ED49579495}.Release|x64.ActiveCfg = Release|x64
		{62C0EA6D-ED84-4BA3-990C-36ED49579495}.Release|x64.Build.0 = Release|x64
		{62C0EA6D-ED84-4BA3-990C-36ED49579495}.Release|x86.ActiveCfg = Release|Win32
		{62C0EA6D-ED84-4BA3-990C-36ED49579495}.Release|x86.Build.0 = Release|Win32
	EndGlobalSection
	GlobalSection(SolutionProperties) = preSolution
		HideSolutionNode = FALSE
	EndGlobalSection
EndGlobal
